// !$*UTF8*$!
{
	archiveVersion = 1;
	classes = {
	};
	objectVersion = 51;
	objects = {

/* Begin PBXBuildFile section */
		13988A098E2E00572D5DC21A /* Pods_FifthProjectTests.framework in Frameworks */ = {isa = PBXBuildFile; fileRef = 8C19F3C14182A0B548415D12 /* Pods_FifthProjectTests.framework */; };
		1E7CC1D0714A7DEB93FE0308 /* Pods_FifthProjectUITests.framework in Frameworks */ = {isa = PBXBuildFile; fileRef = 59B5A13153AF597CFA384879 /* Pods_FifthProjectUITests.framework */; };
		62210B8C22D3902E00EACAC8 /* LoginViewController.swift in Sources */ = {isa = PBXBuildFile; fileRef = 62210B8B22D3902E00EACAC8 /* LoginViewController.swift */; };
		6237E1DE22D0CC6200E95F55 /* RegistrationViewController.swift in Sources */ = {isa = PBXBuildFile; fileRef = 6237E1DD22D0CC6200E95F55 /* RegistrationViewController.swift */; };
		6237E1E022D0D0E800E95F55 /* Extension.swift in Sources */ = {isa = PBXBuildFile; fileRef = 6237E1DF22D0D0E800E95F55 /* Extension.swift */; };
		623D3BDB22D1C697007CEEED /* RegistrationViewModel.swift in Sources */ = {isa = PBXBuildFile; fileRef = 623D3BDA22D1C697007CEEED /* RegistrationViewModel.swift */; };
		623D3BDD22D1EAE1007CEEED /* Singleton.swift in Sources */ = {isa = PBXBuildFile; fileRef = 623D3BDC22D1EAE1007CEEED /* Singleton.swift */; };
		628DF67C22CE23F600CF6F91 /* GoogleService-Info.plist in Resources */ = {isa = PBXBuildFile; fileRef = 628DF67B22CE23F500CF6F91 /* GoogleService-Info.plist */; };
		62AF56F722D214B800361D3D /* User.swift in Sources */ = {isa = PBXBuildFile; fileRef = 62AF56F622D214B800361D3D /* User.swift */; };
		62AF56F922D21F9E00361D3D /* Common.swift in Sources */ = {isa = PBXBuildFile; fileRef = 62AF56F822D21F9E00361D3D /* Common.swift */; };
		62F664E822CE16BE00DF90AD /* AppDelegate.swift in Sources */ = {isa = PBXBuildFile; fileRef = 62F664E722CE16BE00DF90AD /* AppDelegate.swift */; };
		62F664EA22CE16BE00DF90AD /* FirstViewController.swift in Sources */ = {isa = PBXBuildFile; fileRef = 62F664E922CE16BE00DF90AD /* FirstViewController.swift */; };
		62F664EC22CE16BE00DF90AD /* SecondViewController.swift in Sources */ = {isa = PBXBuildFile; fileRef = 62F664EB22CE16BE00DF90AD /* SecondViewController.swift */; };
		62F664EF22CE16BE00DF90AD /* Main.storyboard in Resources */ = {isa = PBXBuildFile; fileRef = 62F664ED22CE16BE00DF90AD /* Main.storyboard */; };
		62F664F122CE16BF00DF90AD /* Assets.xcassets in Resources */ = {isa = PBXBuildFile; fileRef = 62F664F022CE16BF00DF90AD /* Assets.xcassets */; };
		62F664F422CE16BF00DF90AD /* LaunchScreen.storyboard in Resources */ = {isa = PBXBuildFile; fileRef = 62F664F222CE16BF00DF90AD /* LaunchScreen.storyboard */; };
		62F664FF22CE16BF00DF90AD /* FifthProjectTests.swift in Sources */ = {isa = PBXBuildFile; fileRef = 62F664FE22CE16BF00DF90AD /* FifthProjectTests.swift */; };
		62F6650A22CE16BF00DF90AD /* FifthProjectUITests.swift in Sources */ = {isa = PBXBuildFile; fileRef = 62F6650922CE16BF00DF90AD /* FifthProjectUITests.swift */; };
		6A288080C31E64A01A04D684 /* Pods_FifthProject.framework in Frameworks */ = {isa = PBXBuildFile; fileRef = E9897B34ABD6050489911B64 /* Pods_FifthProject.framework */; };
/* End PBXBuildFile section */

/* Begin PBXContainerItemProxy section */
		62F664FB22CE16BF00DF90AD /* PBXContainerItemProxy */ = {
			isa = PBXContainerItemProxy;
			containerPortal = 62F664DC22CE16BE00DF90AD /* Project object */;
			proxyType = 1;
			remoteGlobalIDString = 62F664E322CE16BE00DF90AD;
			remoteInfo = FifthProject;
		};
		62F6650622CE16BF00DF90AD /* PBXContainerItemProxy */ = {
			isa = PBXContainerItemProxy;
			containerPortal = 62F664DC22CE16BE00DF90AD /* Project object */;
			proxyType = 1;
			remoteGlobalIDString = 62F664E322CE16BE00DF90AD;
			remoteInfo = FifthProject;
		};
/* End PBXContainerItemProxy section */

/* Begin PBXFileReference section */
		49F026CA67416D548FF7EBFC /* Pods-FifthProject.debug.xcconfig */ = {isa = PBXFileReference; includeInIndex = 1; lastKnownFileType = text.xcconfig; name = "Pods-FifthProject.debug.xcconfig"; path = "Target Support Files/Pods-FifthProject/Pods-FifthProject.debug.xcconfig"; sourceTree = "<group>"; };
		59B5A13153AF597CFA384879 /* Pods_FifthProjectUITests.framework */ = {isa = PBXFileReference; explicitFileType = wrapper.framework; includeInIndex = 0; path = Pods_FifthProjectUITests.framework; sourceTree = BUILT_PRODUCTS_DIR; };
		62210B8B22D3902E00EACAC8 /* LoginViewController.swift */ = {isa = PBXFileReference; lastKnownFileType = sourcecode.swift; path = LoginViewController.swift; sourceTree = "<group>"; };
		6237E1DD22D0CC6200E95F55 /* RegistrationViewController.swift */ = {isa = PBXFileReference; lastKnownFileType = sourcecode.swift; path = RegistrationViewController.swift; sourceTree = "<group>"; };
		6237E1DF22D0D0E800E95F55 /* Extension.swift */ = {isa = PBXFileReference; lastKnownFileType = sourcecode.swift; path = Extension.swift; sourceTree = "<group>"; };
		623D3BDA22D1C697007CEEED /* RegistrationViewModel.swift */ = {isa = PBXFileReference; lastKnownFileType = sourcecode.swift; path = RegistrationViewModel.swift; sourceTree = "<group>"; };
		623D3BDC22D1EAE1007CEEED /* Singleton.swift */ = {isa = PBXFileReference; lastKnownFileType = sourcecode.swift; path = Singleton.swift; sourceTree = "<group>"; };
		628DF67B22CE23F500CF6F91 /* GoogleService-Info.plist */ = {isa = PBXFileReference; fileEncoding = 4; lastKnownFileType = text.plist.xml; name = "GoogleService-Info.plist"; path = "../../../Downloads/GoogleService-Info.plist"; sourceTree = "<group>"; };
		62AF56F622D214B800361D3D /* User.swift */ = {isa = PBXFileReference; lastKnownFileType = sourcecode.swift; path = User.swift; sourceTree = "<group>"; };
		62AF56F822D21F9E00361D3D /* Common.swift */ = {isa = PBXFileReference; lastKnownFileType = sourcecode.swift; path = Common.swift; sourceTree = "<group>"; };
		62F664E422CE16BE00DF90AD /* FifthProject.app */ = {isa = PBXFileReference; explicitFileType = wrapper.application; includeInIndex = 0; path = FifthProject.app; sourceTree = BUILT_PRODUCTS_DIR; };
		62F664E722CE16BE00DF90AD /* AppDelegate.swift */ = {isa = PBXFileReference; lastKnownFileType = sourcecode.swift; path = AppDelegate.swift; sourceTree = "<group>"; };
		62F664E922CE16BE00DF90AD /* FirstViewController.swift */ = {isa = PBXFileReference; lastKnownFileType = sourcecode.swift; path = FirstViewController.swift; sourceTree = "<group>"; };
		62F664EB22CE16BE00DF90AD /* SecondViewController.swift */ = {isa = PBXFileReference; lastKnownFileType = sourcecode.swift; path = SecondViewController.swift; sourceTree = "<group>"; };
		62F664EE22CE16BE00DF90AD /* Base */ = {isa = PBXFileReference; lastKnownFileType = file.storyboard; name = Base; path = Base.lproj/Main.storyboard; sourceTree = "<group>"; };
		62F664F022CE16BF00DF90AD /* Assets.xcassets */ = {isa = PBXFileReference; lastKnownFileType = folder.assetcatalog; path = Assets.xcassets; sourceTree = "<group>"; };
		62F664F322CE16BF00DF90AD /* Base */ = {isa = PBXFileReference; lastKnownFileType = file.storyboard; name = Base; path = Base.lproj/LaunchScreen.storyboard; sourceTree = "<group>"; };
		62F664F522CE16BF00DF90AD /* Info.plist */ = {isa = PBXFileReference; lastKnownFileType = text.plist.xml; path = Info.plist; sourceTree = "<group>"; };
		62F664FA22CE16BF00DF90AD /* FifthProjectTests.xctest */ = {isa = PBXFileReference; explicitFileType = wrapper.cfbundle; includeInIndex = 0; path = FifthProjectTests.xctest; sourceTree = BUILT_PRODUCTS_DIR; };
		62F664FE22CE16BF00DF90AD /* FifthProjectTests.swift */ = {isa = PBXFileReference; lastKnownFileType = sourcecode.swift; path = FifthProjectTests.swift; sourceTree = "<group>"; };
		62F6650022CE16BF00DF90AD /* Info.plist */ = {isa = PBXFileReference; lastKnownFileType = text.plist.xml; path = Info.plist; sourceTree = "<group>"; };
		62F6650522CE16BF00DF90AD /* FifthProjectUITests.xctest */ = {isa = PBXFileReference; explicitFileType = wrapper.cfbundle; includeInIndex = 0; path = FifthProjectUITests.xctest; sourceTree = BUILT_PRODUCTS_DIR; };
		62F6650922CE16BF00DF90AD /* FifthProjectUITests.swift */ = {isa = PBXFileReference; lastKnownFileType = sourcecode.swift; path = FifthProjectUITests.swift; sourceTree = "<group>"; };
		62F6650B22CE16BF00DF90AD /* Info.plist */ = {isa = PBXFileReference; lastKnownFileType = text.plist.xml; path = Info.plist; sourceTree = "<group>"; };
		6D7DDB734809835717F8FBB2 /* Pods-FifthProjectUITests.debug.xcconfig */ = {isa = PBXFileReference; includeInIndex = 1; lastKnownFileType = text.xcconfig; name = "Pods-FifthProjectUITests.debug.xcconfig"; path = "Target Support Files/Pods-FifthProjectUITests/Pods-FifthProjectUITests.debug.xcconfig"; sourceTree = "<group>"; };
		85D9956746C80236E263838E /* Pods-FifthProjectUITests.release.xcconfig */ = {isa = PBXFileReference; includeInIndex = 1; lastKnownFileType = text.xcconfig; name = "Pods-FifthProjectUITests.release.xcconfig"; path = "Target Support Files/Pods-FifthProjectUITests/Pods-FifthProjectUITests.release.xcconfig"; sourceTree = "<group>"; };
		8C19F3C14182A0B548415D12 /* Pods_FifthProjectTests.framework */ = {isa = PBXFileReference; explicitFileType = wrapper.framework; includeInIndex = 0; path = Pods_FifthProjectTests.framework; sourceTree = BUILT_PRODUCTS_DIR; };
		960D1486A66468906C6BE84E /* Pods-FifthProject.release.xcconfig */ = {isa = PBXFileReference; includeInIndex = 1; lastKnownFileType = text.xcconfig; name = "Pods-FifthProject.release.xcconfig"; path = "Target Support Files/Pods-FifthProject/Pods-FifthProject.release.xcconfig"; sourceTree = "<group>"; };
		A4FBB397E7A0ED690097C94B /* Pods-FifthProjectTests.debug.xcconfig */ = {isa = PBXFileReference; includeInIndex = 1; lastKnownFileType = text.xcconfig; name = "Pods-FifthProjectTests.debug.xcconfig"; path = "Target Support Files/Pods-FifthProjectTests/Pods-FifthProjectTests.debug.xcconfig"; sourceTree = "<group>"; };
		ABFED88F1D209F79BB78A5FF /* Pods-FifthProjectTests.release.xcconfig */ = {isa = PBXFileReference; includeInIndex = 1; lastKnownFileType = text.xcconfig; name = "Pods-FifthProjectTests.release.xcconfig"; path = "Target Support Files/Pods-FifthProjectTests/Pods-FifthProjectTests.release.xcconfig"; sourceTree = "<group>"; };
		E9897B34ABD6050489911B64 /* Pods_FifthProject.framework */ = {isa = PBXFileReference; explicitFileType = wrapper.framework; includeInIndex = 0; path = Pods_FifthProject.framework; sourceTree = BUILT_PRODUCTS_DIR; };
/* End PBXFileReference section */

/* Begin PBXFrameworksBuildPhase section */
		62F664E122CE16BE00DF90AD /* Frameworks */ = {
			isa = PBXFrameworksBuildPhase;
			buildActionMask = 2147483647;
			files = (
				6A288080C31E64A01A04D684 /* Pods_FifthProject.framework in Frameworks */,
			);
			runOnlyForDeploymentPostprocessing = 0;
		};
		62F664F722CE16BF00DF90AD /* Frameworks */ = {
			isa = PBXFrameworksBuildPhase;
			buildActionMask = 2147483647;
			files = (
				13988A098E2E00572D5DC21A /* Pods_FifthProjectTests.framework in Frameworks */,
			);
			runOnlyForDeploymentPostprocessing = 0;
		};
		62F6650222CE16BF00DF90AD /* Frameworks */ = {
			isa = PBXFrameworksBuildPhase;
			buildActionMask = 2147483647;
			files = (
				1E7CC1D0714A7DEB93FE0308 /* Pods_FifthProjectUITests.framework in Frameworks */,
			);
			runOnlyForDeploymentPostprocessing = 0;
		};
/* End PBXFrameworksBuildPhase section */

/* Begin PBXGroup section */
		5701261419798B6247A474A3 /* Frameworks */ = {
			isa = PBXGroup;
			children = (
				E9897B34ABD6050489911B64 /* Pods_FifthProject.framework */,
				8C19F3C14182A0B548415D12 /* Pods_FifthProjectTests.framework */,
				59B5A13153AF597CFA384879 /* Pods_FifthProjectUITests.framework */,
			);
			name = Frameworks;
			sourceTree = "<group>";
		};
		6237E1D422D09A4500E95F55 /* View */ = {
			isa = PBXGroup;
			children = (
				62F664E922CE16BE00DF90AD /* FirstViewController.swift */,
				62F664EB22CE16BE00DF90AD /* SecondViewController.swift */,
				6237E1DD22D0CC6200E95F55 /* RegistrationViewController.swift */,
				62210B8B22D3902E00EACAC8 /* LoginViewController.swift */,
			);
			path = View;
			sourceTree = "<group>";
		};
		6237E1D622D09AA500E95F55 /* ViewModel */ = {
			isa = PBXGroup;
			children = (
				623D3BDA22D1C697007CEEED /* RegistrationViewModel.swift */,
			);
			path = ViewModel;
			sourceTree = "<group>";
		};
		6237E1D722D09AB400E95F55 /* Model */ = {
			isa = PBXGroup;
			children = (
				62AF56F622D214B800361D3D /* User.swift */,
			);
			path = Model;
			sourceTree = "<group>";
		};
		6237E1D822D0B07700E95F55 /* Common */ = {
			isa = PBXGroup;
			children = (
				623D3BDC22D1EAE1007CEEED /* Singleton.swift */,
				62AF56F822D21F9E00361D3D /* Common.swift */,
			);
			path = Common;
			sourceTree = "<group>";
		};
		6237E1D922D0B07F00E95F55 /* Service */ = {
			isa = PBXGroup;
			children = (
			);
			path = Service;
			sourceTree = "<group>";
		};
		6237E1DA22D0B09300E95F55 /* Application */ = {
			isa = PBXGroup;
			children = (
				62F664E722CE16BE00DF90AD /* AppDelegate.swift */,
				62F664ED22CE16BE00DF90AD /* Main.storyboard */,
				62F664F222CE16BF00DF90AD /* LaunchScreen.storyboard */,
			);
			path = Application;
			sourceTree = "<group>";
		};
		6237E1E122D0D10800E95F55 /* Extension */ = {
			isa = PBXGroup;
			children = (
				6237E1DF22D0D0E800E95F55 /* Extension.swift */,
			);
			path = Extension;
			sourceTree = "<group>";
		};
		62F664DB22CE16BE00DF90AD = {
			isa = PBXGroup;
			children = (
				62F664E622CE16BE00DF90AD /* FifthProject */,
				62F664FD22CE16BF00DF90AD /* FifthProjectTests */,
				62F6650822CE16BF00DF90AD /* FifthProjectUITests */,
				62F664E522CE16BE00DF90AD /* Products */,
				C6FBD9DEF539BBBD5ABD2274 /* Pods */,
				5701261419798B6247A474A3 /* Frameworks */,
			);
			sourceTree = "<group>";
		};
		62F664E522CE16BE00DF90AD /* Products */ = {
			isa = PBXGroup;
			children = (
				62F664E422CE16BE00DF90AD /* FifthProject.app */,
				62F664FA22CE16BF00DF90AD /* FifthProjectTests.xctest */,
				62F6650522CE16BF00DF90AD /* FifthProjectUITests.xctest */,
			);
			name = Products;
			sourceTree = "<group>";
		};
		62F664E622CE16BE00DF90AD /* FifthProject */ = {
			isa = PBXGroup;
			children = (
				6237E1DA22D0B09300E95F55 /* Application */,
				6237E1E122D0D10800E95F55 /* Extension */,
				6237E1D922D0B07F00E95F55 /* Service */,
				6237E1D822D0B07700E95F55 /* Common */,
				6237E1D722D09AB400E95F55 /* Model */,
				6237E1D622D09AA500E95F55 /* ViewModel */,
				6237E1D422D09A4500E95F55 /* View */,
				62F664F022CE16BF00DF90AD /* Assets.xcassets */,
				62F664F522CE16BF00DF90AD /* Info.plist */,
				628DF67B22CE23F500CF6F91 /* GoogleService-Info.plist */,
			);
			path = FifthProject;
			sourceTree = "<group>";
		};
		62F664FD22CE16BF00DF90AD /* FifthProjectTests */ = {
			isa = PBXGroup;
			children = (
				62F664FE22CE16BF00DF90AD /* FifthProjectTests.swift */,
				62F6650022CE16BF00DF90AD /* Info.plist */,
			);
			path = FifthProjectTests;
			sourceTree = "<group>";
		};
		62F6650822CE16BF00DF90AD /* FifthProjectUITests */ = {
			isa = PBXGroup;
			children = (
				62F6650922CE16BF00DF90AD /* FifthProjectUITests.swift */,
				62F6650B22CE16BF00DF90AD /* Info.plist */,
			);
			path = FifthProjectUITests;
			sourceTree = "<group>";
		};
		C6FBD9DEF539BBBD5ABD2274 /* Pods */ = {
			isa = PBXGroup;
			children = (
				49F026CA67416D548FF7EBFC /* Pods-FifthProject.debug.xcconfig */,
				960D1486A66468906C6BE84E /* Pods-FifthProject.release.xcconfig */,
				A4FBB397E7A0ED690097C94B /* Pods-FifthProjectTests.debug.xcconfig */,
				ABFED88F1D209F79BB78A5FF /* Pods-FifthProjectTests.release.xcconfig */,
				6D7DDB734809835717F8FBB2 /* Pods-FifthProjectUITests.debug.xcconfig */,
				85D9956746C80236E263838E /* Pods-FifthProjectUITests.release.xcconfig */,
			);
			path = Pods;
			sourceTree = "<group>";
		};
/* End PBXGroup section */

/* Begin PBXNativeTarget section */
		62F664E322CE16BE00DF90AD /* FifthProject */ = {
			isa = PBXNativeTarget;
			buildConfigurationList = 62F6650E22CE16BF00DF90AD /* Build configuration list for PBXNativeTarget "FifthProject" */;
			buildPhases = (
				D47CCB55880360C0DC833683 /* [CP] Check Pods Manifest.lock */,
				62F664E022CE16BE00DF90AD /* Sources */,
				62F664E122CE16BE00DF90AD /* Frameworks */,
				62F664E222CE16BE00DF90AD /* Resources */,
				D4E52041A5D4D641A0A3C531 /* [CP] Embed Pods Frameworks */,
				F0CF35440F0C1671867887C3 /* [CP] Copy Pods Resources */,
			);
			buildRules = (
			);
			dependencies = (
			);
			name = FifthProject;
			productName = FifthProject;
			productReference = 62F664E422CE16BE00DF90AD /* FifthProject.app */;
			productType = "com.apple.product-type.application";
		};
		62F664F922CE16BF00DF90AD /* FifthProjectTests */ = {
			isa = PBXNativeTarget;
			buildConfigurationList = 62F6651122CE16BF00DF90AD /* Build configuration list for PBXNativeTarget "FifthProjectTests" */;
			buildPhases = (
				17DE489FF9E867B727BC9AC2 /* [CP] Check Pods Manifest.lock */,
				62F664F622CE16BF00DF90AD /* Sources */,
				62F664F722CE16BF00DF90AD /* Frameworks */,
				62F664F822CE16BF00DF90AD /* Resources */,
			);
			buildRules = (
			);
			dependencies = (
				62F664FC22CE16BF00DF90AD /* PBXTargetDependency */,
			);
			name = FifthProjectTests;
			productName = FifthProjectTests;
			productReference = 62F664FA22CE16BF00DF90AD /* FifthProjectTests.xctest */;
			productType = "com.apple.product-type.bundle.unit-test";
		};
		62F6650422CE16BF00DF90AD /* FifthProjectUITests */ = {
			isa = PBXNativeTarget;
			buildConfigurationList = 62F6651422CE16BF00DF90AD /* Build configuration list for PBXNativeTarget "FifthProjectUITests" */;
			buildPhases = (
				47357C08130581AEB73D5AAD /* [CP] Check Pods Manifest.lock */,
				62F6650122CE16BF00DF90AD /* Sources */,
				62F6650222CE16BF00DF90AD /* Frameworks */,
				62F6650322CE16BF00DF90AD /* Resources */,
			);
			buildRules = (
			);
			dependencies = (
				62F6650722CE16BF00DF90AD /* PBXTargetDependency */,
			);
			name = FifthProjectUITests;
			productName = FifthProjectUITests;
			productReference = 62F6650522CE16BF00DF90AD /* FifthProjectUITests.xctest */;
			productType = "com.apple.product-type.bundle.ui-testing";
		};
/* End PBXNativeTarget section */

/* Begin PBXProject section */
		62F664DC22CE16BE00DF90AD /* Project object */ = {
			isa = PBXProject;
			attributes = {
				LastSwiftUpdateCheck = 1020;
				LastUpgradeCheck = 1020;
				ORGANIZATIONNAME = "森岡渉";
				TargetAttributes = {
					62F664E322CE16BE00DF90AD = {
						CreatedOnToolsVersion = 10.2.1;
					};
					62F664F922CE16BF00DF90AD = {
						CreatedOnToolsVersion = 10.2.1;
						TestTargetID = 62F664E322CE16BE00DF90AD;
					};
					62F6650422CE16BF00DF90AD = {
						CreatedOnToolsVersion = 10.2.1;
						TestTargetID = 62F664E322CE16BE00DF90AD;
					};
				};
			};
			buildConfigurationList = 62F664DF22CE16BE00DF90AD /* Build configuration list for PBXProject "FifthProject" */;
			compatibilityVersion = "Xcode 9.3";
			developmentRegion = en;
			hasScannedForEncodings = 0;
			knownRegions = (
				en,
				Base,
			);
			mainGroup = 62F664DB22CE16BE00DF90AD;
			productRefGroup = 62F664E522CE16BE00DF90AD /* Products */;
			projectDirPath = "";
			projectRoot = "";
			targets = (
				62F664E322CE16BE00DF90AD /* FifthProject */,
				62F664F922CE16BF00DF90AD /* FifthProjectTests */,
				62F6650422CE16BF00DF90AD /* FifthProjectUITests */,
			);
		};
/* End PBXProject section */

/* Begin PBXResourcesBuildPhase section */
		62F664E222CE16BE00DF90AD /* Resources */ = {
			isa = PBXResourcesBuildPhase;
			buildActionMask = 2147483647;
			files = (
				62F664F422CE16BF00DF90AD /* LaunchScreen.storyboard in Resources */,
				628DF67C22CE23F600CF6F91 /* GoogleService-Info.plist in Resources */,
				62F664F122CE16BF00DF90AD /* Assets.xcassets in Resources */,
				62F664EF22CE16BE00DF90AD /* Main.storyboard in Resources */,
			);
			runOnlyForDeploymentPostprocessing = 0;
		};
		62F664F822CE16BF00DF90AD /* Resources */ = {
			isa = PBXResourcesBuildPhase;
			buildActionMask = 2147483647;
			files = (
			);
			runOnlyForDeploymentPostprocessing = 0;
		};
		62F6650322CE16BF00DF90AD /* Resources */ = {
			isa = PBXResourcesBuildPhase;
			buildActionMask = 2147483647;
			files = (
			);
			runOnlyForDeploymentPostprocessing = 0;
		};
/* End PBXResourcesBuildPhase section */

/* Begin PBXShellScriptBuildPhase section */
		17DE489FF9E867B727BC9AC2 /* [CP] Check Pods Manifest.lock */ = {
			isa = PBXShellScriptBuildPhase;
			buildActionMask = 2147483647;
			files = (
			);
			inputFileListPaths = (
			);
			inputPaths = (
				"${PODS_PODFILE_DIR_PATH}/Podfile.lock",
				"${PODS_ROOT}/Manifest.lock",
			);
			name = "[CP] Check Pods Manifest.lock";
			outputFileListPaths = (
			);
			outputPaths = (
				"$(DERIVED_FILE_DIR)/Pods-FifthProjectTests-checkManifestLockResult.txt",
			);
			runOnlyForDeploymentPostprocessing = 0;
			shellPath = /bin/sh;
			shellScript = "diff \"${PODS_PODFILE_DIR_PATH}/Podfile.lock\" \"${PODS_ROOT}/Manifest.lock\" > /dev/null\nif [ $? != 0 ] ; then\n    # print error to STDERR\n    echo \"error: The sandbox is not in sync with the Podfile.lock. Run 'pod install' or update your CocoaPods installation.\" >&2\n    exit 1\nfi\n# This output is used by Xcode 'outputs' to avoid re-running this script phase.\necho \"SUCCESS\" > \"${SCRIPT_OUTPUT_FILE_0}\"\n";
			showEnvVarsInLog = 0;
		};
		47357C08130581AEB73D5AAD /* [CP] Check Pods Manifest.lock */ = {
			isa = PBXShellScriptBuildPhase;
			buildActionMask = 2147483647;
			files = (
			);
			inputFileListPaths = (
			);
			inputPaths = (
				"${PODS_PODFILE_DIR_PATH}/Podfile.lock",
				"${PODS_ROOT}/Manifest.lock",
			);
			name = "[CP] Check Pods Manifest.lock";
			outputFileListPaths = (
			);
			outputPaths = (
				"$(DERIVED_FILE_DIR)/Pods-FifthProjectUITests-checkManifestLockResult.txt",
			);
			runOnlyForDeploymentPostprocessing = 0;
			shellPath = /bin/sh;
			shellScript = "diff \"${PODS_PODFILE_DIR_PATH}/Podfile.lock\" \"${PODS_ROOT}/Manifest.lock\" > /dev/null\nif [ $? != 0 ] ; then\n    # print error to STDERR\n    echo \"error: The sandbox is not in sync with the Podfile.lock. Run 'pod install' or update your CocoaPods installation.\" >&2\n    exit 1\nfi\n# This output is used by Xcode 'outputs' to avoid re-running this script phase.\necho \"SUCCESS\" > \"${SCRIPT_OUTPUT_FILE_0}\"\n";
			showEnvVarsInLog = 0;
		};
		D47CCB55880360C0DC833683 /* [CP] Check Pods Manifest.lock */ = {
			isa = PBXShellScriptBuildPhase;
			buildActionMask = 2147483647;
			files = (
			);
			inputFileListPaths = (
			);
			inputPaths = (
				"${PODS_PODFILE_DIR_PATH}/Podfile.lock",
				"${PODS_ROOT}/Manifest.lock",
			);
			name = "[CP] Check Pods Manifest.lock";
			outputFileListPaths = (
			);
			outputPaths = (
				"$(DERIVED_FILE_DIR)/Pods-FifthProject-checkManifestLockResult.txt",
			);
			runOnlyForDeploymentPostprocessing = 0;
			shellPath = /bin/sh;
			shellScript = "diff \"${PODS_PODFILE_DIR_PATH}/Podfile.lock\" \"${PODS_ROOT}/Manifest.lock\" > /dev/null\nif [ $? != 0 ] ; then\n    # print error to STDERR\n    echo \"error: The sandbox is not in sync with the Podfile.lock. Run 'pod install' or update your CocoaPods installation.\" >&2\n    exit 1\nfi\n# This output is used by Xcode 'outputs' to avoid re-running this script phase.\necho \"SUCCESS\" > \"${SCRIPT_OUTPUT_FILE_0}\"\n";
			showEnvVarsInLog = 0;
		};
		D4E52041A5D4D641A0A3C531 /* [CP] Embed Pods Frameworks */ = {
			isa = PBXShellScriptBuildPhase;
			buildActionMask = 2147483647;
			files = (
			);
			inputFileListPaths = (
				"${PODS_ROOT}/Target Support Files/Pods-FifthProject/Pods-FifthProject-frameworks-${CONFIGURATION}-input-files.xcfilelist",
			);
			name = "[CP] Embed Pods Frameworks";
			outputFileListPaths = (
				"${PODS_ROOT}/Target Support Files/Pods-FifthProject/Pods-FifthProject-frameworks-${CONFIGURATION}-output-files.xcfilelist",
			);
			runOnlyForDeploymentPostprocessing = 0;
			shellPath = /bin/sh;
			shellScript = "\"${PODS_ROOT}/Target Support Files/Pods-FifthProject/Pods-FifthProject-frameworks.sh\"\n";
			showEnvVarsInLog = 0;
		};
		F0CF35440F0C1671867887C3 /* [CP] Copy Pods Resources */ = {
			isa = PBXShellScriptBuildPhase;
			buildActionMask = 2147483647;
			files = (
			);
			inputFileListPaths = (
				"${PODS_ROOT}/Target Support Files/Pods-FifthProject/Pods-FifthProject-resources-${CONFIGURATION}-input-files.xcfilelist",
			);
			name = "[CP] Copy Pods Resources";
			outputFileListPaths = (
				"${PODS_ROOT}/Target Support Files/Pods-FifthProject/Pods-FifthProject-resources-${CONFIGURATION}-output-files.xcfilelist",
			);
			runOnlyForDeploymentPostprocessing = 0;
			shellPath = /bin/sh;
			shellScript = "\"${PODS_ROOT}/Target Support Files/Pods-FifthProject/Pods-FifthProject-resources.sh\"\n";
			showEnvVarsInLog = 0;
		};
/* End PBXShellScriptBuildPhase section */

/* Begin PBXSourcesBuildPhase section */
		62F664E022CE16BE00DF90AD /* Sources */ = {
			isa = PBXSourcesBuildPhase;
			buildActionMask = 2147483647;
			files = (
				623D3BDD22D1EAE1007CEEED /* Singleton.swift in Sources */,
				6237E1E022D0D0E800E95F55 /* Extension.swift in Sources */,
				623D3BDB22D1C697007CEEED /* RegistrationViewModel.swift in Sources */,
				62F664EC22CE16BE00DF90AD /* SecondViewController.swift in Sources */,
				62AF56F922D21F9E00361D3D /* Common.swift in Sources */,
				62AF56F722D214B800361D3D /* User.swift in Sources */,
				62F664E822CE16BE00DF90AD /* AppDelegate.swift in Sources */,
				6237E1DE22D0CC6200E95F55 /* RegistrationViewController.swift in Sources */,
				62210B8C22D3902E00EACAC8 /* LoginViewController.swift in Sources */,
				62F664EA22CE16BE00DF90AD /* FirstViewController.swift in Sources */,
			);
			runOnlyForDeploymentPostprocessing = 0;
		};
		62F664F622CE16BF00DF90AD /* Sources */ = {
			isa = PBXSourcesBuildPhase;
			buildActionMask = 2147483647;
			files = (
				62F664FF22CE16BF00DF90AD /* FifthProjectTests.swift in Sources */,
			);
			runOnlyForDeploymentPostprocessing = 0;
		};
		62F6650122CE16BF00DF90AD /* Sources */ = {
			isa = PBXSourcesBuildPhase;
			buildActionMask = 2147483647;
			files = (
				62F6650A22CE16BF00DF90AD /* FifthProjectUITests.swift in Sources */,
			);
			runOnlyForDeploymentPostprocessing = 0;
		};
/* End PBXSourcesBuildPhase section */

/* Begin PBXTargetDependency section */
		62F664FC22CE16BF00DF90AD /* PBXTargetDependency */ = {
			isa = PBXTargetDependency;
			target = 62F664E322CE16BE00DF90AD /* FifthProject */;
			targetProxy = 62F664FB22CE16BF00DF90AD /* PBXContainerItemProxy */;
		};
		62F6650722CE16BF00DF90AD /* PBXTargetDependency */ = {
			isa = PBXTargetDependency;
			target = 62F664E322CE16BE00DF90AD /* FifthProject */;
			targetProxy = 62F6650622CE16BF00DF90AD /* PBXContainerItemProxy */;
		};
/* End PBXTargetDependency section */

/* Begin PBXVariantGroup section */
		62F664ED22CE16BE00DF90AD /* Main.storyboard */ = {
			isa = PBXVariantGroup;
			children = (
				62F664EE22CE16BE00DF90AD /* Base */,
			);
			name = Main.storyboard;
			sourceTree = "<group>";
		};
		62F664F222CE16BF00DF90AD /* LaunchScreen.storyboard */ = {
			isa = PBXVariantGroup;
			children = (
				62F664F322CE16BF00DF90AD /* Base */,
			);
			name = LaunchScreen.storyboard;
			sourceTree = "<group>";
		};
/* End PBXVariantGroup section */

/* Begin XCBuildConfiguration section */
		62F6650C22CE16BF00DF90AD /* Debug */ = {
			isa = XCBuildConfiguration;
			buildSettings = {
				ALWAYS_SEARCH_USER_PATHS = NO;
				CLANG_ANALYZER_NONNULL = YES;
				CLANG_ANALYZER_NUMBER_OBJECT_CONVERSION = YES_AGGRESSIVE;
				CLANG_CXX_LANGUAGE_STANDARD = "gnu++14";
				CLANG_CXX_LIBRARY = "libc++";
				CLANG_ENABLE_MODULES = YES;
				CLANG_ENABLE_OBJC_ARC = YES;
				CLANG_ENABLE_OBJC_WEAK = YES;
				CLANG_WARN_BLOCK_CAPTURE_AUTORELEASING = YES;
				CLANG_WARN_BOOL_CONVERSION = YES;
				CLANG_WARN_COMMA = YES;
				CLANG_WARN_CONSTANT_CONVERSION = YES;
				CLANG_WARN_DEPRECATED_OBJC_IMPLEMENTATIONS = YES;
				CLANG_WARN_DIRECT_OBJC_ISA_USAGE = YES_ERROR;
				CLANG_WARN_DOCUMENTATION_COMMENTS = YES;
				CLANG_WARN_EMPTY_BODY = YES;
				CLANG_WARN_ENUM_CONVERSION = YES;
				CLANG_WARN_INFINITE_RECURSION = YES;
				CLANG_WARN_INT_CONVERSION = YES;
				CLANG_WARN_NON_LITERAL_NULL_CONVERSION = YES;
				CLANG_WARN_OBJC_IMPLICIT_RETAIN_SELF = YES;
				CLANG_WARN_OBJC_LITERAL_CONVERSION = YES;
				CLANG_WARN_OBJC_ROOT_CLASS = YES_ERROR;
				CLANG_WARN_RANGE_LOOP_ANALYSIS = YES;
				CLANG_WARN_STRICT_PROTOTYPES = YES;
				CLANG_WARN_SUSPICIOUS_MOVE = YES;
				CLANG_WARN_UNGUARDED_AVAILABILITY = YES_AGGRESSIVE;
				CLANG_WARN_UNREACHABLE_CODE = YES;
				CLANG_WARN__DUPLICATE_METHOD_MATCH = YES;
				CODE_SIGN_IDENTITY = "iPhone Developer";
				COPY_PHASE_STRIP = NO;
				DEBUG_INFORMATION_FORMAT = dwarf;
				ENABLE_STRICT_OBJC_MSGSEND = YES;
				ENABLE_TESTABILITY = YES;
				GCC_C_LANGUAGE_STANDARD = gnu11;
				GCC_DYNAMIC_NO_PIC = NO;
				GCC_NO_COMMON_BLOCKS = YES;
				GCC_OPTIMIZATION_LEVEL = 0;
				GCC_PREPROCESSOR_DEFINITIONS = (
					"DEBUG=1",
					"$(inherited)",
				);
				GCC_WARN_64_TO_32_BIT_CONVERSION = YES;
				GCC_WARN_ABOUT_RETURN_TYPE = YES_ERROR;
				GCC_WARN_UNDECLARED_SELECTOR = YES;
				GCC_WARN_UNINITIALIZED_AUTOS = YES_AGGRESSIVE;
				GCC_WARN_UNUSED_FUNCTION = YES;
				GCC_WARN_UNUSED_VARIABLE = YES;
				IPHONEOS_DEPLOYMENT_TARGET = 12.2;
				MTL_ENABLE_DEBUG_INFO = INCLUDE_SOURCE;
				MTL_FAST_MATH = YES;
				ONLY_ACTIVE_ARCH = YES;
				SDKROOT = iphoneos;
				SWIFT_ACTIVE_COMPILATION_CONDITIONS = DEBUG;
				SWIFT_OPTIMIZATION_LEVEL = "-Onone";
			};
			name = Debug;
		};
		62F6650D22CE16BF00DF90AD /* Release */ = {
			isa = XCBuildConfiguration;
			buildSettings = {
				ALWAYS_SEARCH_USER_PATHS = NO;
				CLANG_ANALYZER_NONNULL = YES;
				CLANG_ANALYZER_NUMBER_OBJECT_CONVERSION = YES_AGGRESSIVE;
				CLANG_CXX_LANGUAGE_STANDARD = "gnu++14";
				CLANG_CXX_LIBRARY = "libc++";
				CLANG_ENABLE_MODULES = YES;
				CLANG_ENABLE_OBJC_ARC = YES;
				CLANG_ENABLE_OBJC_WEAK = YES;
				CLANG_WARN_BLOCK_CAPTURE_AUTORELEASING = YES;
				CLANG_WARN_BOOL_CONVERSION = YES;
				CLANG_WARN_COMMA = YES;
				CLANG_WARN_CONSTANT_CONVERSION = YES;
				CLANG_WARN_DEPRECATED_OBJC_IMPLEMENTATIONS = YES;
				CLANG_WARN_DIRECT_OBJC_ISA_USAGE = YES_ERROR;
				CLANG_WARN_DOCUMENTATION_COMMENTS = YES;
				CLANG_WARN_EMPTY_BODY = YES;
				CLANG_WARN_ENUM_CONVERSION = YES;
				CLANG_WARN_INFINITE_RECURSION = YES;
				CLANG_WARN_INT_CONVERSION = YES;
				CLANG_WARN_NON_LITERAL_NULL_CONVERSION = YES;
				CLANG_WARN_OBJC_IMPLICIT_RETAIN_SELF = YES;
				CLANG_WARN_OBJC_LITERAL_CONVERSION = YES;
				CLANG_WARN_OBJC_ROOT_CLASS = YES_ERROR;
				CLANG_WARN_RANGE_LOOP_ANALYSIS = YES;
				CLANG_WARN_STRICT_PROTOTYPES = YES;
				CLANG_WARN_SUSPICIOUS_MOVE = YES;
				CLANG_WARN_UNGUARDED_AVAILABILITY = YES_AGGRESSIVE;
				CLANG_WARN_UNREACHABLE_CODE = YES;
				CLANG_WARN__DUPLICATE_METHOD_MATCH = YES;
				CODE_SIGN_IDENTITY = "iPhone Developer";
				COPY_PHASE_STRIP = NO;
				DEBUG_INFORMATION_FORMAT = "dwarf-with-dsym";
				ENABLE_NS_ASSERTIONS = NO;
				ENABLE_STRICT_OBJC_MSGSEND = YES;
				GCC_C_LANGUAGE_STANDARD = gnu11;
				GCC_NO_COMMON_BLOCKS = YES;
				GCC_WARN_64_TO_32_BIT_CONVERSION = YES;
				GCC_WARN_ABOUT_RETURN_TYPE = YES_ERROR;
				GCC_WARN_UNDECLARED_SELECTOR = YES;
				GCC_WARN_UNINITIALIZED_AUTOS = YES_AGGRESSIVE;
				GCC_WARN_UNUSED_FUNCTION = YES;
				GCC_WARN_UNUSED_VARIABLE = YES;
				IPHONEOS_DEPLOYMENT_TARGET = 12.2;
				MTL_ENABLE_DEBUG_INFO = NO;
				MTL_FAST_MATH = YES;
				SDKROOT = iphoneos;
				SWIFT_COMPILATION_MODE = wholemodule;
				SWIFT_OPTIMIZATION_LEVEL = "-O";
				VALIDATE_PRODUCT = YES;
			};
			name = Release;
		};
		62F6650F22CE16BF00DF90AD /* Debug */ = {
			isa = XCBuildConfiguration;
			baseConfigurationReference = 49F026CA67416D548FF7EBFC /* Pods-FifthProject.debug.xcconfig */;
			buildSettings = {
				ASSETCATALOG_COMPILER_APPICON_NAME = AppIcon;
				CODE_SIGN_STYLE = Automatic;
				DEVELOPMENT_TEAM = YXMP4LKXL5;
				INFOPLIST_FILE = FifthProject/Info.plist;
				LD_RUNPATH_SEARCH_PATHS = (
					"$(inherited)",
					"@executable_path/Frameworks",
				);
				PRODUCT_BUNDLE_IDENTIFIER = com.wtrmorioka.FifthProject;
				PRODUCT_NAME = "$(TARGET_NAME)";
				SWIFT_VERSION = 5.0;
				TARGETED_DEVICE_FAMILY = "1,2";
			};
			name = Debug;
		};
		62F6651022CE16BF00DF90AD /* Release */ = {
			isa = XCBuildConfiguration;
			baseConfigurationReference = 960D1486A66468906C6BE84E /* Pods-FifthProject.release.xcconfig */;
			buildSettings = {
				ASSETCATALOG_COMPILER_APPICON_NAME = AppIcon;
				CODE_SIGN_STYLE = Automatic;
				DEVELOPMENT_TEAM = YXMP4LKXL5;
				INFOPLIST_FILE = FifthProject/Info.plist;
				LD_RUNPATH_SEARCH_PATHS = (
					"$(inherited)",
					"@executable_path/Frameworks",
				);
				PRODUCT_BUNDLE_IDENTIFIER = com.wtrmorioka.FifthProject;
				PRODUCT_NAME = "$(TARGET_NAME)";
				SWIFT_VERSION = 5.0;
				TARGETED_DEVICE_FAMILY = "1,2";
			};
			name = Release;
		};
		62F6651222CE16BF00DF90AD /* Debug */ = {
			isa = XCBuildConfiguration;
			baseConfigurationReference = A4FBB397E7A0ED690097C94B /* Pods-FifthProjectTests.debug.xcconfig */;
			buildSettings = {
				ALWAYS_EMBED_SWIFT_STANDARD_LIBRARIES = YES;
				BUNDLE_LOADER = "$(TEST_HOST)";
				CODE_SIGN_STYLE = Automatic;
				DEVELOPMENT_TEAM = YXMP4LKXL5;
				INFOPLIST_FILE = FifthProjectTests/Info.plist;
				LD_RUNPATH_SEARCH_PATHS = (
					"$(inherited)",
					"@executable_path/Frameworks",
					"@loader_path/Frameworks",
				);
				PRODUCT_BUNDLE_IDENTIFIER = com.wtrmorioka.FifthProjectTests;
				PRODUCT_NAME = "$(TARGET_NAME)";
				SWIFT_VERSION = 5.0;
				TARGETED_DEVICE_FAMILY = "1,2";
				TEST_HOST = "$(BUILT_PRODUCTS_DIR)/FifthProject.app/FifthProject";
			};
			name = Debug;
		};
		62F6651322CE16BF00DF90AD /* Release */ = {
			isa = XCBuildConfiguration;
			baseConfigurationReference = ABFED88F1D209F79BB78A5FF /* Pods-FifthProjectTests.release.xcconfig */;
			buildSettings = {
				ALWAYS_EMBED_SWIFT_STANDARD_LIBRARIES = YES;
				BUNDLE_LOADER = "$(TEST_HOST)";
				CODE_SIGN_STYLE = Automatic;
				DEVELOPMENT_TEAM = YXMP4LKXL5;
				INFOPLIST_FILE = FifthProjectTests/Info.plist;
				LD_RUNPATH_SEARCH_PATHS = (
					"$(inherited)",
					"@executable_path/Frameworks",
					"@loader_path/Frameworks",
				);
				PRODUCT_BUNDLE_IDENTIFIER = com.wtrmorioka.FifthProjectTests;
				PRODUCT_NAME = "$(TARGET_NAME)";
				SWIFT_VERSION = 5.0;
				TARGETED_DEVICE_FAMILY = "1,2";
				TEST_HOST = "$(BUILT_PRODUCTS_DIR)/FifthProject.app/FifthProject";
			};
			name = Release;
		};
		62F6651522CE16BF00DF90AD /* Debug */ = {
			isa = XCBuildConfiguration;
			baseConfigurationReference = 6D7DDB734809835717F8FBB2 /* Pods-FifthProjectUITests.debug.xcconfig */;
			buildSettings = {
				ALWAYS_EMBED_SWIFT_STANDARD_LIBRARIES = YES;
				CODE_SIGN_STYLE = Automatic;
				DEVELOPMENT_TEAM = YXMP4LKXL5;
				INFOPLIST_FILE = FifthProjectUITests/Info.plist;
				LD_RUNPATH_SEARCH_PATHS = (
					"$(inherited)",
					"@executable_path/Frameworks",
					"@loader_path/Frameworks",
				);
				PRODUCT_BUNDLE_IDENTIFIER = com.wtrmorioka.FifthProjectUITests;
				PRODUCT_NAME = "$(TARGET_NAME)";
				SWIFT_VERSION = 5.0;
				TARGETED_DEVICE_FAMILY = "1,2";
				TEST_TARGET_NAME = FifthProject;
			};
			name = Debug;
		};
		62F6651622CE16BF00DF90AD /* Release */ = {
			isa = XCBuildConfiguration;
			baseConfigurationReference = 85D9956746C80236E263838E /* Pods-FifthProjectUITests.release.xcconfig */;
			buildSettings = {
				ALWAYS_EMBED_SWIFT_STANDARD_LIBRARIES = YES;
				CODE_SIGN_STYLE = Automatic;
				DEVELOPMENT_TEAM = YXMP4LKXL5;
				INFOPLIST_FILE = FifthProjectUITests/Info.plist;
				LD_RUNPATH_SEARCH_PATHS = (
					"$(inherited)",
					"@executable_path/Frameworks",
					"@loader_path/Frameworks",
				);
				PRODUCT_BUNDLE_IDENTIFIER = com.wtrmorioka.FifthProjectUITests;
				PRODUCT_NAME = "$(TARGET_NAME)";
				SWIFT_VERSION = 5.0;
				TARGETED_DEVICE_FAMILY = "1,2";
				TEST_TARGET_NAME = FifthProject;
			};
			name = Release;
		};
/* End XCBuildConfiguration section */

/* Begin XCConfigurationList section */
		62F664DF22CE16BE00DF90AD /* Build configuration list for PBXProject "FifthProject" */ = {
			isa = XCConfigurationList;
			buildConfigurations = (
				62F6650C22CE16BF00DF90AD /* Debug */,
				62F6650D22CE16BF00DF90AD /* Release */,
			);
			defaultConfigurationIsVisible = 0;
			defaultConfigurationName = Release;
		};
		62F6650E22CE16BF00DF90AD /* Build configuration list for PBXNativeTarget "FifthProject" */ = {
			isa = XCConfigurationList;
			buildConfigurations = (
				62F6650F22CE16BF00DF90AD /* Debug */,
				62F6651022CE16BF00DF90AD /* Release */,
			);
			defaultConfigurationIsVisible = 0;
			defaultConfigurationName = Release;
		};
		62F6651122CE16BF00DF90AD /* Build configuration list for PBXNativeTarget "FifthProjectTests" */ = {
			isa = XCConfigurationList;
			buildConfigurations = (
				62F6651222CE16BF00DF90AD /* Debug */,
				62F6651322CE16BF00DF90AD /* Release */,
			);
			defaultConfigurationIsVisible = 0;
			defaultConfigurationName = Release;
		};
		62F6651422CE16BF00DF90AD /* Build configuration list for PBXNativeTarget "FifthProjectUITests" */ = {
			isa = XCConfigurationList;
			buildConfigurations = (
				62F6651522CE16BF00DF90AD /* Debug */,
				62F6651622CE16BF00DF90AD /* Release */,
			);
			defaultConfigurationIsVisible = 0;
			defaultConfigurationName = Release;
		};
/* End XCConfigurationList section */
	};
	rootObject = 62F664DC22CE16BE00DF90AD /* Project object */;
}
